
Microsoft Visual Studio Solution File, Format Version 12.00
# Visual Studio Version 16
VisualStudioVersion = 16.0.28803.452
MinimumVisualStudioVersion = 10.0.40219.1
Project("{FAE04EC0-301F-11D3-BF4B-00C04F79EFBC}") = "CAI_EjercicioII", "CAI_EjercicioII\CAI_EjercicioII.csproj", "{155FA191-3BEA-40FC-9D89-EBFDDF2A67FF}"
EndProject
Global
	GlobalSection(SolutionConfigurationPlatforms) = preSolution
		Debug|Any CPU = Debug|Any CPU
		Release|Any CPU = Release|Any CPU
	EndGlobalSection
	GlobalSection(ProjectConfigurationPlatforms) = postSolution
		{155FA191-3BEA-40FC-9D89-EBFDDF2A67FF}.Debug|Any CPU.ActiveCfg = Debug|Any CPU
		{155FA191-3BEA-40FC-9D89-EBFDDF2A67FF}.Debug|Any CPU.Build.0 = Debug|Any CPU
		{155FA191-3BEA-40FC-9D89-EBFDDF2A67FF}.Release|Any CPU.ActiveCfg = Release|Any CPU
		{155FA191-3BEA-40FC-9D89-EBFDDF2A67FF}.Release|Any CPU.Build.0 = Release|Any CPU
	EndGlobalSection
	GlobalSection(SolutionProperties) = preSolution
		HideSolutionNode = FALSE
	EndGlobalSection
	GlobalSection(ExtensibilityGlobals) = postSolution
		SolutionGuid = {349868BD-9BE8-42A8-B1F3-CF2F2EB1D526}
	EndGlobalSection
EndGlobal
